
Microsoft Visual Studio Solution File, Format Version 12.00
# Visual Studio Version 17
VisualStudioVersion = 17.0.32014.148
MinimumVisualStudioVersion = 10.0.40219.1
Project("{2150E333-8FDC-42A3-9474-1A3956D46DE8}") = "Solution Items", "Solution Items", "{12CE1AA2-C4C3-486E-8BA4-C72A2ECC9456}"
	ProjectSection(SolutionItems) = preProject
		.editorconfig = .editorconfig
		docs\images\bindopen_icon.png = docs\images\bindopen_icon.png
		CREDITS.txt = CREDITS.txt
		docs\Current-Release-Note.md = docs\Current-Release-Note.md
		LICENSE = LICENSE
		README.md = README.md
		TODO.md = TODO.md
	EndProjectSection
EndProject
Project("{9A19103F-16F7-4668-BE54-9A1E7A4F7556}") = "Logging", "src\BindOpen.Mango.Logging\Mango.Logging.csproj", "{D2E9EA5B-F79B-4A64-9476-ADC1BC3CBE26}"
EndProject
Project("{9A19103F-16F7-4668-BE54-9A1E7A4F7556}") = "Logging.IO", "src\BindOpen.Mango.Logging.IO\Mango.Logging.IO.csproj", "{E98EF3F2-ADF1-42D3-BA4C-9A26D5F3A9A0}"
EndProject
Project("{2150E333-8FDC-42A3-9474-1A3956D46DE8}") = "Tests", "Tests", "{63F8E67D-05FF-4088-9650-F37FBDE05017}"
EndProject
Project("{9A19103F-16F7-4668-BE54-9A1E7A4F7556}") = "Logging.Tests", "tests\BindOpen.Mango.Logging.Tests\Mango.Logging.Tests.csproj", "{4BF1BFEB-86BC-4181-BB47-F10262C4ADD1}"
EndProject
Project("{9A19103F-16F7-4668-BE54-9A1E7A4F7556}") = "Logging.Dtos", "src\BindOpen.Mango.Logging.Dtos\Mango.Logging.Dtos.csproj", "{6F6DAC08-24F1-4168-8343-7B5A0D47615B}"
EndProject
Project("{9A19103F-16F7-4668-BE54-9A1E7A4F7556}") = "Logging.Abstractions", "src\BindOpen.Mango.Logging.Abstractions\Mango.Logging.Abstractions.csproj", "{0774EC00-1A7B-4620-BBCB-D61EDC025D88}"
EndProject
Global
	GlobalSection(SolutionConfigurationPlatforms) = preSolution
		Debug|Any CPU = Debug|Any CPU
		Release|Any CPU = Release|Any CPU
	EndGlobalSection
	GlobalSection(ProjectConfigurationPlatforms) = postSolution
		{D2E9EA5B-F79B-4A64-9476-ADC1BC3CBE26}.Debug|Any CPU.ActiveCfg = Debug|Any CPU
		{D2E9EA5B-F79B-4A64-9476-ADC1BC3CBE26}.Debug|Any CPU.Build.0 = Debug|Any CPU
		{D2E9EA5B-F79B-4A64-9476-ADC1BC3CBE26}.Release|Any CPU.ActiveCfg = Release|Any CPU
		{D2E9EA5B-F79B-4A64-9476-ADC1BC3CBE26}.Release|Any CPU.Build.0 = Release|Any CPU
		{E98EF3F2-ADF1-42D3-BA4C-9A26D5F3A9A0}.Debug|Any CPU.ActiveCfg = Debug|Any CPU
		{E98EF3F2-ADF1-42D3-BA4C-9A26D5F3A9A0}.Debug|Any CPU.Build.0 = Debug|Any CPU
		{E98EF3F2-ADF1-42D3-BA4C-9A26D5F3A9A0}.Release|Any CPU.ActiveCfg = Release|Any CPU
		{E98EF3F2-ADF1-42D3-BA4C-9A26D5F3A9A0}.Release|Any CPU.Build.0 = Release|Any CPU
		{4BF1BFEB-86BC-4181-BB47-F10262C4ADD1}.Debug|Any CPU.ActiveCfg = Debug|Any CPU
		{4BF1BFEB-86BC-4181-BB47-F10262C4ADD1}.Debug|Any CPU.Build.0 = Debug|Any CPU
		{4BF1BFEB-86BC-4181-BB47-F10262C4ADD1}.Release|Any CPU.ActiveCfg = Release|Any CPU
		{4BF1BFEB-86BC-4181-BB47-F10262C4ADD1}.Release|Any CPU.Build.0 = Release|Any CPU
		{6F6DAC08-24F1-4168-8343-7B5A0D47615B}.Debug|Any CPU.ActiveCfg = Debug|Any CPU
		{6F6DAC08-24F1-4168-8343-7B5A0D47615B}.Debug|Any CPU.Build.0 = Debug|Any CPU
		{6F6DAC08-24F1-4168-8343-7B5A0D47615B}.Release|Any CPU.ActiveCfg = Release|Any CPU
		{6F6DAC08-24F1-4168-8343-7B5A0D47615B}.Release|Any CPU.Build.0 = Release|Any CPU
		{0774EC00-1A7B-4620-BBCB-D61EDC025D88}.Debug|Any CPU.ActiveCfg = Debug|Any CPU
		{0774EC00-1A7B-4620-BBCB-D61EDC025D88}.Debug|Any CPU.Build.0 = Debug|Any CPU
		{0774EC00-1A7B-4620-BBCB-D61EDC025D88}.Release|Any CPU.ActiveCfg = Release|Any CPU
		{0774EC00-1A7B-4620-BBCB-D61EDC025D88}.Release|Any CPU.Build.0 = Release|Any CPU
	EndGlobalSection
	GlobalSection(SolutionProperties) = preSolution
		HideSolutionNode = FALSE
	EndGlobalSection
	GlobalSection(NestedProjects) = preSolution
		{4BF1BFEB-86BC-4181-BB47-F10262C4ADD1} = {63F8E67D-05FF-4088-9650-F37FBDE05017}
	EndGlobalSection
	GlobalSection(ExtensibilityGlobals) = postSolution
		SolutionGuid = {96B56BCB-1F4B-4319-991B-1BABA2FB5443}
	EndGlobalSection
EndGlobal
