
Microsoft Visual Studio Solution File, Format Version 12.00
# Visual Studio Version 17
VisualStudioVersion = 17.0.32014.148
MinimumVisualStudioVersion = 10.0.40219.1
Project("{2150E333-8FDC-42A3-9474-1A3956D46DE8}") = "Solution Items", "Solution Items", "{12CE1AA2-C4C3-486E-8BA4-C72A2ECC9456}"
	ProjectSection(SolutionItems) = preProject
		.editorconfig = .editorconfig
		docs\images\bindopen_icon.png = docs\images\bindopen_icon.png
		CREDITS.txt = CREDITS.txt
		docs\Current-Release-Note.md = docs\Current-Release-Note.md
		LICENSE = LICENSE
		README.md = README.md
		TODO.md = TODO.md
	EndProjectSection
EndProject
Project("{9A19103F-16F7-4668-BE54-9A1E7A4F7556}") = "Logging", "src\Logging\Logging.csproj", "{D2E9EA5B-F79B-4A64-9476-ADC1BC3CBE26}"
EndProject
Project("{9A19103F-16F7-4668-BE54-9A1E7A4F7556}") = "Tests", "tests\Tests\Tests.csproj", "{4BF1BFEB-86BC-4181-BB47-F10262C4ADD1}"
EndProject
Project("{9A19103F-16F7-4668-BE54-9A1E7A4F7556}") = "Abstractions", "src\Abstractions\Abstractions.csproj", "{0774EC00-1A7B-4620-BBCB-D61EDC025D88}"
EndProject
Project("{2150E333-8FDC-42A3-9474-1A3956D46DE8}") = "Dtos", "Dtos", "{22DDFD27-0FEC-4A59-B44E-126C0E17EEA2}"
EndProject
Project("{2150E333-8FDC-42A3-9474-1A3956D46DE8}") = "Relational", "Relational", "{02EA681E-C7D8-13C7-8484-4AC65E1B71E8}"
EndProject
Project("{FAE04EC0-301F-11D3-BF4B-00C04F79EFBC}") = "Dtos", "src\Dtos\Dtos.csproj", "{106FB52D-9C09-B866-946E-BA302058827F}"
EndProject
Project("{FAE04EC0-301F-11D3-BF4B-00C04F79EFBC}") = "Dtos.Models", "src\Dtos.Models\Dtos.Models.csproj", "{D9733997-5BAC-6518-41BE-8796898A4274}"
EndProject
Project("{FAE04EC0-301F-11D3-BF4B-00C04F79EFBC}") = "Dtos.Tests", "tests\Dtos.Tests\Dtos.Tests.csproj", "{6B88CD84-8F6F-7FF4-B276-4605A9FEE46F}"
EndProject
Project("{FAE04EC0-301F-11D3-BF4B-00C04F79EFBC}") = "Relational", "src\Relational\Relational.csproj", "{43447148-A44F-9A32-8E3F-DA1585C610BF}"
EndProject
Project("{FAE04EC0-301F-11D3-BF4B-00C04F79EFBC}") = "Relational.Models", "src\Relational.Models\Relational.Models.csproj", "{836EFA5F-40DD-66D7-086B-23824FF49912}"
EndProject
Global
	GlobalSection(SolutionConfigurationPlatforms) = preSolution
		Debug|Any CPU = Debug|Any CPU
		Release|Any CPU = Release|Any CPU
	EndGlobalSection
	GlobalSection(ProjectConfigurationPlatforms) = postSolution
		{D2E9EA5B-F79B-4A64-9476-ADC1BC3CBE26}.Debug|Any CPU.ActiveCfg = Debug|Any CPU
		{D2E9EA5B-F79B-4A64-9476-ADC1BC3CBE26}.Debug|Any CPU.Build.0 = Debug|Any CPU
		{D2E9EA5B-F79B-4A64-9476-ADC1BC3CBE26}.Release|Any CPU.ActiveCfg = Release|Any CPU
		{D2E9EA5B-F79B-4A64-9476-ADC1BC3CBE26}.Release|Any CPU.Build.0 = Release|Any CPU
		{4BF1BFEB-86BC-4181-BB47-F10262C4ADD1}.Debug|Any CPU.ActiveCfg = Debug|Any CPU
		{4BF1BFEB-86BC-4181-BB47-F10262C4ADD1}.Debug|Any CPU.Build.0 = Debug|Any CPU
		{4BF1BFEB-86BC-4181-BB47-F10262C4ADD1}.Release|Any CPU.ActiveCfg = Release|Any CPU
		{4BF1BFEB-86BC-4181-BB47-F10262C4ADD1}.Release|Any CPU.Build.0 = Release|Any CPU
		{0774EC00-1A7B-4620-BBCB-D61EDC025D88}.Debug|Any CPU.ActiveCfg = Debug|Any CPU
		{0774EC00-1A7B-4620-BBCB-D61EDC025D88}.Debug|Any CPU.Build.0 = Debug|Any CPU
		{0774EC00-1A7B-4620-BBCB-D61EDC025D88}.Release|Any CPU.ActiveCfg = Release|Any CPU
		{0774EC00-1A7B-4620-BBCB-D61EDC025D88}.Release|Any CPU.Build.0 = Release|Any CPU
		{106FB52D-9C09-B866-946E-BA302058827F}.Debug|Any CPU.ActiveCfg = Debug|Any CPU
		{106FB52D-9C09-B866-946E-BA302058827F}.Debug|Any CPU.Build.0 = Debug|Any CPU
		{106FB52D-9C09-B866-946E-BA302058827F}.Release|Any CPU.ActiveCfg = Release|Any CPU
		{106FB52D-9C09-B866-946E-BA302058827F}.Release|Any CPU.Build.0 = Release|Any CPU
		{D9733997-5BAC-6518-41BE-8796898A4274}.Debug|Any CPU.ActiveCfg = Debug|Any CPU
		{D9733997-5BAC-6518-41BE-8796898A4274}.Debug|Any CPU.Build.0 = Debug|Any CPU
		{D9733997-5BAC-6518-41BE-8796898A4274}.Release|Any CPU.ActiveCfg = Release|Any CPU
		{D9733997-5BAC-6518-41BE-8796898A4274}.Release|Any CPU.Build.0 = Release|Any CPU
		{6B88CD84-8F6F-7FF4-B276-4605A9FEE46F}.Debug|Any CPU.ActiveCfg = Debug|Any CPU
		{6B88CD84-8F6F-7FF4-B276-4605A9FEE46F}.Debug|Any CPU.Build.0 = Debug|Any CPU
		{6B88CD84-8F6F-7FF4-B276-4605A9FEE46F}.Release|Any CPU.ActiveCfg = Release|Any CPU
		{6B88CD84-8F6F-7FF4-B276-4605A9FEE46F}.Release|Any CPU.Build.0 = Release|Any CPU
		{43447148-A44F-9A32-8E3F-DA1585C610BF}.Debug|Any CPU.ActiveCfg = Debug|Any CPU
		{43447148-A44F-9A32-8E3F-DA1585C610BF}.Debug|Any CPU.Build.0 = Debug|Any CPU
		{43447148-A44F-9A32-8E3F-DA1585C610BF}.Release|Any CPU.ActiveCfg = Release|Any CPU
		{43447148-A44F-9A32-8E3F-DA1585C610BF}.Release|Any CPU.Build.0 = Release|Any CPU
		{836EFA5F-40DD-66D7-086B-23824FF49912}.Debug|Any CPU.ActiveCfg = Debug|Any CPU
		{836EFA5F-40DD-66D7-086B-23824FF49912}.Debug|Any CPU.Build.0 = Debug|Any CPU
		{836EFA5F-40DD-66D7-086B-23824FF49912}.Release|Any CPU.ActiveCfg = Release|Any CPU
		{836EFA5F-40DD-66D7-086B-23824FF49912}.Release|Any CPU.Build.0 = Release|Any CPU
	EndGlobalSection
	GlobalSection(SolutionProperties) = preSolution
		HideSolutionNode = FALSE
	EndGlobalSection
	GlobalSection(NestedProjects) = preSolution
		{106FB52D-9C09-B866-946E-BA302058827F} = {22DDFD27-0FEC-4A59-B44E-126C0E17EEA2}
		{D9733997-5BAC-6518-41BE-8796898A4274} = {22DDFD27-0FEC-4A59-B44E-126C0E17EEA2}
		{6B88CD84-8F6F-7FF4-B276-4605A9FEE46F} = {22DDFD27-0FEC-4A59-B44E-126C0E17EEA2}
		{43447148-A44F-9A32-8E3F-DA1585C610BF} = {02EA681E-C7D8-13C7-8484-4AC65E1B71E8}
		{836EFA5F-40DD-66D7-086B-23824FF49912} = {02EA681E-C7D8-13C7-8484-4AC65E1B71E8}
	EndGlobalSection
	GlobalSection(ExtensibilityGlobals) = postSolution
		SolutionGuid = {96B56BCB-1F4B-4319-991B-1BABA2FB5443}
	EndGlobalSection
EndGlobal
